
Microsoft Visual Studio Solution File, Format Version 12.00
# Visual Studio Version 17
VisualStudioVersion = 17.6.33815.320
MinimumVisualStudioVersion = 10.0.40219.1
Project("{FAE04EC0-301F-11D3-BF4B-00C04F79EFBC}") = "ClientApi", "ClientApi\ClientApi.csproj", "{D66B537B-0B3F-4DF5-9BB0-AA14E4CD77B0}"
EndProject
Global
	GlobalSection(SolutionConfigurationPlatforms) = preSolution
		Debug|Any CPU = Debug|Any CPU
		Release|Any CPU = Release|Any CPU
	EndGlobalSection
	GlobalSection(ProjectConfigurationPlatforms) = postSolution
		{D66B537B-0B3F-4DF5-9BB0-AA14E4CD77B0}.Debug|Any CPU.ActiveCfg = Debug|Any CPU
		{D66B537B-0B3F-4DF5-9BB0-AA14E4CD77B0}.Debug|Any CPU.Build.0 = Debug|Any CPU
		{D66B537B-0B3F-4DF5-9BB0-AA14E4CD77B0}.Release|Any CPU.ActiveCfg = Release|Any CPU
		{D66B537B-0B3F-4DF5-9BB0-AA14E4CD77B0}.Release|Any CPU.Build.0 = Release|Any CPU
	EndGlobalSection
	GlobalSection(SolutionProperties) = preSolution
		HideSolutionNode = FALSE
	EndGlobalSection
	GlobalSection(ExtensibilityGlobals) = postSolution
		SolutionGuid = {66E0CF21-1C5B-45CB-857B-8F27C0E91B59}
	EndGlobalSection
EndGlobal
